// !$*UTF8*$!
{
	archiveVersion = 1;
	classes = {
	};
	objectVersion = 56;
	objects = {

/* Begin PBXBuildFile section */
		54F7EBFFA80D034DEEEFD7ED /* Pods_OrganiizeMe.framework in Frameworks */ = {isa = PBXBuildFile; fileRef = B64952020DED96706236C9DB /* Pods_OrganiizeMe.framework */; };
		D7150AB329B3C47D00E5997E /* TaskListTableViewCell.swift in Sources */ = {isa = PBXBuildFile; fileRef = D7150AB229B3C47D00E5997E /* TaskListTableViewCell.swift */; };
		D71FEB4629B2136200389D1D /* ObservableObject.swift in Sources */ = {isa = PBXBuildFile; fileRef = D71FEB4529B2136200389D1D /* ObservableObject.swift */; };
		D71FEB5429B23ED200389D1D /* CategoryModel.swift in Sources */ = {isa = PBXBuildFile; fileRef = D71FEB5329B23ED200389D1D /* CategoryModel.swift */; };
		D71FEB5729B23F3E00389D1D /* CategoriesModel.swift in Sources */ = {isa = PBXBuildFile; fileRef = D71FEB5629B23F3E00389D1D /* CategoriesModel.swift */; };
		D71FEB5A29B2433C00389D1D /* CategoriesModelRepository.swift in Sources */ = {isa = PBXBuildFile; fileRef = D71FEB5929B2433C00389D1D /* CategoriesModelRepository.swift */; };
		D71FEB5C29B2438C00389D1D /* CategoriesModelRemoteRepository.swift in Sources */ = {isa = PBXBuildFile; fileRef = D71FEB5B29B2438C00389D1D /* CategoriesModelRemoteRepository.swift */; };
		D71FEB5E29B243D200389D1D /* CategoriesAPI.swift in Sources */ = {isa = PBXBuildFile; fileRef = D71FEB5D29B243D200389D1D /* CategoriesAPI.swift */; };
		D71FEB6129B2450C00389D1D /* CategoriesViewModel.swift in Sources */ = {isa = PBXBuildFile; fileRef = D71FEB6029B2450C00389D1D /* CategoriesViewModel.swift */; };
		D71FEB6429B249FF00389D1D /* CategoryViewController.swift in Sources */ = {isa = PBXBuildFile; fileRef = D71FEB6329B249FF00389D1D /* CategoryViewController.swift */; };
		D71FEB6729B24AEE00389D1D /* CategoryViewModel.swift in Sources */ = {isa = PBXBuildFile; fileRef = D71FEB6629B24AEE00389D1D /* CategoryViewModel.swift */; };
		D71FEB6A29B24B1800389D1D /* CategoryModelRepository.swift in Sources */ = {isa = PBXBuildFile; fileRef = D71FEB6929B24B1800389D1D /* CategoryModelRepository.swift */; };
		D71FEB6C29B24B5D00389D1D /* CategoryModelRemoteRepository.swift in Sources */ = {isa = PBXBuildFile; fileRef = D71FEB6B29B24B5D00389D1D /* CategoryModelRemoteRepository.swift */; };
		D724A6E0298047E200FC38F4 /* AppDelegate.swift in Sources */ = {isa = PBXBuildFile; fileRef = D724A6DF298047E200FC38F4 /* AppDelegate.swift */; };
		D724A6E2298047E200FC38F4 /* SceneDelegate.swift in Sources */ = {isa = PBXBuildFile; fileRef = D724A6E1298047E200FC38F4 /* SceneDelegate.swift */; };
		D724A6E4298047E200FC38F4 /* HomeViewController.swift in Sources */ = {isa = PBXBuildFile; fileRef = D724A6E3298047E200FC38F4 /* HomeViewController.swift */; };
		D724A6E9298047E400FC38F4 /* Assets.xcassets in Resources */ = {isa = PBXBuildFile; fileRef = D724A6E8298047E400FC38F4 /* Assets.xcassets */; };
		D724A6EC298047E400FC38F4 /* LaunchScreen.storyboard in Resources */ = {isa = PBXBuildFile; fileRef = D724A6EA298047E400FC38F4 /* LaunchScreen.storyboard */; };
		D724A6F7298047E500FC38F4 /* OrganiizeMeTests.swift in Sources */ = {isa = PBXBuildFile; fileRef = D724A6F6298047E500FC38F4 /* OrganiizeMeTests.swift */; };
		D724A701298047E500FC38F4 /* OrganiizeMeUITests.swift in Sources */ = {isa = PBXBuildFile; fileRef = D724A700298047E500FC38F4 /* OrganiizeMeUITests.swift */; };
		D724A703298047E500FC38F4 /* OrganiizeMeUITestsLaunchTests.swift in Sources */ = {isa = PBXBuildFile; fileRef = D724A702298047E500FC38F4 /* OrganiizeMeUITestsLaunchTests.swift */; };
		D724A71329804B8300FC38F4 /* Coordinator.swift in Sources */ = {isa = PBXBuildFile; fileRef = D724A71229804B8300FC38F4 /* Coordinator.swift */; };
		D724A71B2980553200FC38F4 /* MainCoordinator.swift in Sources */ = {isa = PBXBuildFile; fileRef = D724A71A2980553200FC38F4 /* MainCoordinator.swift */; };
		D724A71D29805CB700FC38F4 /* HomeCoordinator.swift in Sources */ = {isa = PBXBuildFile; fileRef = D724A71C29805CB700FC38F4 /* HomeCoordinator.swift */; };
		D724A72129805EB200FC38F4 /* TasksListTableViewController.swift in Sources */ = {isa = PBXBuildFile; fileRef = D724A72029805EB200FC38F4 /* TasksListTableViewController.swift */; };
		D72B0B362989755C00414E93 /* FloatingTextField.swift in Sources */ = {isa = PBXBuildFile; fileRef = D72B0B352989755C00414E93 /* FloatingTextField.swift */; };
		D72F8F5C29AED1DF000D3DB4 /* TasksViewModel.swift in Sources */ = {isa = PBXBuildFile; fileRef = D72F8F5B29AED1DF000D3DB4 /* TasksViewModel.swift */; };
		D737369129928B1100821219 /* CategoriesListTableViewController.swift in Sources */ = {isa = PBXBuildFile; fileRef = D737369029928B1100821219 /* CategoriesListTableViewController.swift */; };
		D73736942992A49D00821219 /* AddCategoryViewController.swift in Sources */ = {isa = PBXBuildFile; fileRef = D73736932992A49D00821219 /* AddCategoryViewController.swift */; };
		D73AFB9129B14E78007C3A36 /* TaskModelRepository.swift in Sources */ = {isa = PBXBuildFile; fileRef = D73AFB9029B14E78007C3A36 /* TaskModelRepository.swift */; };
		D73AFB9329B14F39007C3A36 /* TaskModelRemoteRepository.swift in Sources */ = {isa = PBXBuildFile; fileRef = D73AFB9229B14F39007C3A36 /* TaskModelRemoteRepository.swift */; };
		D73AFB9729B1523E007C3A36 /* TaskViewModel.swift in Sources */ = {isa = PBXBuildFile; fileRef = D73AFB9629B1523E007C3A36 /* TaskViewModel.swift */; };
		D73AFB9A29B1542E007C3A36 /* TaskViewController.swift in Sources */ = {isa = PBXBuildFile; fileRef = D73AFB9929B1542E007C3A36 /* TaskViewController.swift */; };
		D749F09729B6312100AF504D /* CategoryListTableViewCell.swift in Sources */ = {isa = PBXBuildFile; fileRef = D749F09629B6312100AF504D /* CategoryListTableViewCell.swift */; };
		D749F09929B65A6200AF504D /* CustomLoadingView.swift in Sources */ = {isa = PBXBuildFile; fileRef = D749F09829B65A6200AF504D /* CustomLoadingView.swift */; };
		D749F09B29B65C9400AF504D /* TaskListTableViewController+DataSources.swift in Sources */ = {isa = PBXBuildFile; fileRef = D749F09A29B65C9400AF504D /* TaskListTableViewController+DataSources.swift */; };
		D749F09D29B65D3100AF504D /* CategoriesListTableViewController+DataSources.swift in Sources */ = {isa = PBXBuildFile; fileRef = D749F09C29B65D3100AF504D /* CategoriesListTableViewController+DataSources.swift */; };
		D749F0A129B687E900AF504D /* AddTaskViewController+Functions.swift in Sources */ = {isa = PBXBuildFile; fileRef = D749F0A029B687E900AF504D /* AddTaskViewController+Functions.swift */; };
		D7572EAA29B26BF8001E52B4 /* AddCategoryViewModel.swift in Sources */ = {isa = PBXBuildFile; fileRef = D7572EA929B26BF8001E52B4 /* AddCategoryViewModel.swift */; };
		D768008C29B913A00054C73A /* TasksCalendarViewController.swift in Sources */ = {isa = PBXBuildFile; fileRef = D768008B29B913A00054C73A /* TasksCalendarViewController.swift */; };
		D768008E29B914FD0054C73A /* ApplicationCoordinator.swift in Sources */ = {isa = PBXBuildFile; fileRef = D768008D29B914FD0054C73A /* ApplicationCoordinator.swift */; };
		D768009129B91A1E0054C73A /* TaskListCoordinator.swift in Sources */ = {isa = PBXBuildFile; fileRef = D768009029B91A1E0054C73A /* TaskListCoordinator.swift */; };
		D768009429B91C280054C73A /* CategoriesListCoordinator.swift in Sources */ = {isa = PBXBuildFile; fileRef = D768009329B91C280054C73A /* CategoriesListCoordinator.swift */; };
		D76BF27029B3AD2100FA357E /* AddTaskViewModel.swift in Sources */ = {isa = PBXBuildFile; fileRef = D76BF26F29B3AD2100FA357E /* AddTaskViewModel.swift */; };
		D76BF27229B3BB3600FA357E /* UIView+Extensions.swift in Sources */ = {isa = PBXBuildFile; fileRef = D76BF27129B3BB3600FA357E /* UIView+Extensions.swift */; };
		D778BA7A29BA4F1F0082C432 /* OnboardingViewController.swift in Sources */ = {isa = PBXBuildFile; fileRef = D778BA7929BA4F1F0082C432 /* OnboardingViewController.swift */; };
		D778BA7C29BA51380082C432 /* OnboardingViewModel.swift in Sources */ = {isa = PBXBuildFile; fileRef = D778BA7B29BA51380082C432 /* OnboardingViewModel.swift */; };
		D778BA7E29BA51610082C432 /* OnboardingCoordinator.swift in Sources */ = {isa = PBXBuildFile; fileRef = D778BA7D29BA51610082C432 /* OnboardingCoordinator.swift */; };
		D780FDBA29B7CD9700AC951A /* AddCategoryViewController+Functions.swift in Sources */ = {isa = PBXBuildFile; fileRef = D780FDB929B7CD9700AC951A /* AddCategoryViewController+Functions.swift */; };
		D780FDBC29B7D89500AC951A /* HomeViewController+Functions.swift in Sources */ = {isa = PBXBuildFile; fileRef = D780FDBB29B7D89500AC951A /* HomeViewController+Functions.swift */; };
		D78704D729AE595F0023B129 /* APIError.swift in Sources */ = {isa = PBXBuildFile; fileRef = D78704D629AE595F0023B129 /* APIError.swift */; };
		D78704D929AE59810023B129 /* HTTPClient.swift in Sources */ = {isa = PBXBuildFile; fileRef = D78704D829AE59810023B129 /* HTTPClient.swift */; };
		D78704DB29AE59B50023B129 /* Request.swift in Sources */ = {isa = PBXBuildFile; fileRef = D78704DA29AE59B50023B129 /* Request.swift */; };
		D78704DD29AE59DC0023B129 /* TasksRequest.swift in Sources */ = {isa = PBXBuildFile; fileRef = D78704DC29AE59DC0023B129 /* TasksRequest.swift */; };
		D78704E029AE87CE0023B129 /* TasksModel.swift in Sources */ = {isa = PBXBuildFile; fileRef = D78704DF29AE87CE0023B129 /* TasksModel.swift */; };
		D78704E429AE8ED60023B129 /* TaskModel.swift in Sources */ = {isa = PBXBuildFile; fileRef = D78704E329AE8ED60023B129 /* TaskModel.swift */; };
		D793778F29B00B3A0026CBFE /* URLSessionHTTPClientError.swift in Sources */ = {isa = PBXBuildFile; fileRef = D793778E29B00B3A0026CBFE /* URLSessionHTTPClientError.swift */; };
		D793779129B00B4A0026CBFE /* URLSessionHTTPClient.swift in Sources */ = {isa = PBXBuildFile; fileRef = D793779029B00B4A0026CBFE /* URLSessionHTTPClient.swift */; };
		D793779429B0152F0026CBFE /* TasksModelRepository.swift in Sources */ = {isa = PBXBuildFile; fileRef = D793779329B0152F0026CBFE /* TasksModelRepository.swift */; };
		D793779729B015D00026CBFE /* Environment.swift in Sources */ = {isa = PBXBuildFile; fileRef = D793779629B015D00026CBFE /* Environment.swift */; };
		D793779929B016090026CBFE /* TasksAPI.swift in Sources */ = {isa = PBXBuildFile; fileRef = D793779829B016090026CBFE /* TasksAPI.swift */; };
		D7E2DB95298C385300FF02C2 /* UITextField+Extensions.swift in Sources */ = {isa = PBXBuildFile; fileRef = D7E2DB94298C385300FF02C2 /* UITextField+Extensions.swift */; };
		D7EFA9B729B121E40026975B /* TasksModelRemoteRepository.swift in Sources */ = {isa = PBXBuildFile; fileRef = D7EFA9B629B121E30026975B /* TasksModelRemoteRepository.swift */; };
		D7EFA9BA29B125E20026975B /* APIEnvironment.swift in Sources */ = {isa = PBXBuildFile; fileRef = D7EFA9B929B125E20026975B /* APIEnvironment.swift */; };
		D7F19F372982F47D0099B2BC /* GlobalConstants.swift in Sources */ = {isa = PBXBuildFile; fileRef = D7F19F362982F47D0099B2BC /* GlobalConstants.swift */; };
		D7F19F3A2982F8650099B2BC /* PresentationStackView.swift in Sources */ = {isa = PBXBuildFile; fileRef = D7F19F392982F8650099B2BC /* PresentationStackView.swift */; };
		D7F19F3C2982F9BC0099B2BC /* Localizable.strings in Resources */ = {isa = PBXBuildFile; fileRef = D7F19F3B2982F9BC0099B2BC /* Localizable.strings */; };
		D7F19F3F2982FA5A0099B2BC /* String+Extensions.swift in Sources */ = {isa = PBXBuildFile; fileRef = D7F19F3E2982FA5A0099B2BC /* String+Extensions.swift */; };
		D7F19F4229831D430099B2BC /* CarrosselCollectionCell.swift in Sources */ = {isa = PBXBuildFile; fileRef = D7F19F4129831D430099B2BC /* CarrosselCollectionCell.swift */; };
		D7F19F4629831D9C0099B2BC /* CarrosselModel.swift in Sources */ = {isa = PBXBuildFile; fileRef = D7F19F4529831D9C0099B2BC /* CarrosselModel.swift */; };
		D7F19F4829831DDF0099B2BC /* HomeViewController+CollectionView.swift in Sources */ = {isa = PBXBuildFile; fileRef = D7F19F4729831DDE0099B2BC /* HomeViewController+CollectionView.swift */; };
		D7F3B47E29884D3600FF15C1 /* AddTaskViewController.swift in Sources */ = {isa = PBXBuildFile; fileRef = D7F3B47D29884D3600FF15C1 /* AddTaskViewController.swift */; };
/* End PBXBuildFile section */

/* Begin PBXContainerItemProxy section */
		D724A6F3298047E500FC38F4 /* PBXContainerItemProxy */ = {
			isa = PBXContainerItemProxy;
			containerPortal = D724A6D4298047E200FC38F4 /* Project object */;
			proxyType = 1;
			remoteGlobalIDString = D724A6DB298047E200FC38F4;
			remoteInfo = OrganiizeMe;
		};
		D724A6FD298047E500FC38F4 /* PBXContainerItemProxy */ = {
			isa = PBXContainerItemProxy;
			containerPortal = D724A6D4298047E200FC38F4 /* Project object */;
			proxyType = 1;
			remoteGlobalIDString = D724A6DB298047E200FC38F4;
			remoteInfo = OrganiizeMe;
		};
/* End PBXContainerItemProxy section */

/* Begin PBXFileReference section */
		080737D5E13C9BBCEF07829F /* Pods-OrganiizeMe.debug.xcconfig */ = {isa = PBXFileReference; includeInIndex = 1; lastKnownFileType = text.xcconfig; name = "Pods-OrganiizeMe.debug.xcconfig"; path = "Target Support Files/Pods-OrganiizeMe/Pods-OrganiizeMe.debug.xcconfig"; sourceTree = "<group>"; };
		26DF0E37C78EEC202C2028FB /* Pods-OrganiizeMe.release.xcconfig */ = {isa = PBXFileReference; includeInIndex = 1; lastKnownFileType = text.xcconfig; name = "Pods-OrganiizeMe.release.xcconfig"; path = "Target Support Files/Pods-OrganiizeMe/Pods-OrganiizeMe.release.xcconfig"; sourceTree = "<group>"; };
		B64952020DED96706236C9DB /* Pods_OrganiizeMe.framework */ = {isa = PBXFileReference; explicitFileType = wrapper.framework; includeInIndex = 0; path = Pods_OrganiizeMe.framework; sourceTree = BUILT_PRODUCTS_DIR; };
		D7150AB229B3C47D00E5997E /* TaskListTableViewCell.swift */ = {isa = PBXFileReference; lastKnownFileType = sourcecode.swift; path = TaskListTableViewCell.swift; sourceTree = "<group>"; };
		D71FEB4529B2136200389D1D /* ObservableObject.swift */ = {isa = PBXFileReference; lastKnownFileType = sourcecode.swift; path = ObservableObject.swift; sourceTree = "<group>"; };
		D71FEB5329B23ED200389D1D /* CategoryModel.swift */ = {isa = PBXFileReference; lastKnownFileType = sourcecode.swift; path = CategoryModel.swift; sourceTree = "<group>"; };
		D71FEB5629B23F3E00389D1D /* CategoriesModel.swift */ = {isa = PBXFileReference; lastKnownFileType = sourcecode.swift; path = CategoriesModel.swift; sourceTree = "<group>"; };
		D71FEB5929B2433C00389D1D /* CategoriesModelRepository.swift */ = {isa = PBXFileReference; lastKnownFileType = sourcecode.swift; path = CategoriesModelRepository.swift; sourceTree = "<group>"; };
		D71FEB5B29B2438C00389D1D /* CategoriesModelRemoteRepository.swift */ = {isa = PBXFileReference; lastKnownFileType = sourcecode.swift; path = CategoriesModelRemoteRepository.swift; sourceTree = "<group>"; };
		D71FEB5D29B243D200389D1D /* CategoriesAPI.swift */ = {isa = PBXFileReference; lastKnownFileType = sourcecode.swift; path = CategoriesAPI.swift; sourceTree = "<group>"; };
		D71FEB6029B2450C00389D1D /* CategoriesViewModel.swift */ = {isa = PBXFileReference; lastKnownFileType = sourcecode.swift; path = CategoriesViewModel.swift; sourceTree = "<group>"; };
		D71FEB6329B249FF00389D1D /* CategoryViewController.swift */ = {isa = PBXFileReference; lastKnownFileType = sourcecode.swift; path = CategoryViewController.swift; sourceTree = "<group>"; };
		D71FEB6629B24AEE00389D1D /* CategoryViewModel.swift */ = {isa = PBXFileReference; lastKnownFileType = sourcecode.swift; path = CategoryViewModel.swift; sourceTree = "<group>"; };
		D71FEB6929B24B1800389D1D /* CategoryModelRepository.swift */ = {isa = PBXFileReference; lastKnownFileType = sourcecode.swift; path = CategoryModelRepository.swift; sourceTree = "<group>"; };
		D71FEB6B29B24B5D00389D1D /* CategoryModelRemoteRepository.swift */ = {isa = PBXFileReference; lastKnownFileType = sourcecode.swift; path = CategoryModelRemoteRepository.swift; sourceTree = "<group>"; };
		D724A6DC298047E200FC38F4 /* OrganiizeMe.app */ = {isa = PBXFileReference; explicitFileType = wrapper.application; includeInIndex = 0; path = OrganiizeMe.app; sourceTree = BUILT_PRODUCTS_DIR; };
		D724A6DF298047E200FC38F4 /* AppDelegate.swift */ = {isa = PBXFileReference; lastKnownFileType = sourcecode.swift; path = AppDelegate.swift; sourceTree = "<group>"; };
		D724A6E1298047E200FC38F4 /* SceneDelegate.swift */ = {isa = PBXFileReference; lastKnownFileType = sourcecode.swift; path = SceneDelegate.swift; sourceTree = "<group>"; };
		D724A6E3298047E200FC38F4 /* HomeViewController.swift */ = {isa = PBXFileReference; lastKnownFileType = sourcecode.swift; path = HomeViewController.swift; sourceTree = "<group>"; };
		D724A6E8298047E400FC38F4 /* Assets.xcassets */ = {isa = PBXFileReference; lastKnownFileType = folder.assetcatalog; path = Assets.xcassets; sourceTree = "<group>"; };
		D724A6EB298047E400FC38F4 /* Base */ = {isa = PBXFileReference; lastKnownFileType = file.storyboard; name = Base; path = Base.lproj/LaunchScreen.storyboard; sourceTree = "<group>"; };
		D724A6ED298047E400FC38F4 /* Info.plist */ = {isa = PBXFileReference; lastKnownFileType = text.plist.xml; path = Info.plist; sourceTree = "<group>"; };
		D724A6F2298047E500FC38F4 /* OrganiizeMeTests.xctest */ = {isa = PBXFileReference; explicitFileType = wrapper.cfbundle; includeInIndex = 0; path = OrganiizeMeTests.xctest; sourceTree = BUILT_PRODUCTS_DIR; };
		D724A6F6298047E500FC38F4 /* OrganiizeMeTests.swift */ = {isa = PBXFileReference; lastKnownFileType = sourcecode.swift; path = OrganiizeMeTests.swift; sourceTree = "<group>"; };
		D724A6FC298047E500FC38F4 /* OrganiizeMeUITests.xctest */ = {isa = PBXFileReference; explicitFileType = wrapper.cfbundle; includeInIndex = 0; path = OrganiizeMeUITests.xctest; sourceTree = BUILT_PRODUCTS_DIR; };
		D724A700298047E500FC38F4 /* OrganiizeMeUITests.swift */ = {isa = PBXFileReference; lastKnownFileType = sourcecode.swift; path = OrganiizeMeUITests.swift; sourceTree = "<group>"; };
		D724A702298047E500FC38F4 /* OrganiizeMeUITestsLaunchTests.swift */ = {isa = PBXFileReference; lastKnownFileType = sourcecode.swift; path = OrganiizeMeUITestsLaunchTests.swift; sourceTree = "<group>"; };
		D724A71229804B8300FC38F4 /* Coordinator.swift */ = {isa = PBXFileReference; lastKnownFileType = sourcecode.swift; path = Coordinator.swift; sourceTree = "<group>"; };
		D724A71A2980553200FC38F4 /* MainCoordinator.swift */ = {isa = PBXFileReference; lastKnownFileType = sourcecode.swift; path = MainCoordinator.swift; sourceTree = "<group>"; };
		D724A71C29805CB700FC38F4 /* HomeCoordinator.swift */ = {isa = PBXFileReference; lastKnownFileType = sourcecode.swift; path = HomeCoordinator.swift; sourceTree = "<group>"; };
		D724A72029805EB200FC38F4 /* TasksListTableViewController.swift */ = {isa = PBXFileReference; lastKnownFileType = sourcecode.swift; path = TasksListTableViewController.swift; sourceTree = "<group>"; };
		D72B0B352989755C00414E93 /* FloatingTextField.swift */ = {isa = PBXFileReference; lastKnownFileType = sourcecode.swift; path = FloatingTextField.swift; sourceTree = "<group>"; };
		D72F8F5B29AED1DF000D3DB4 /* TasksViewModel.swift */ = {isa = PBXFileReference; lastKnownFileType = sourcecode.swift; path = TasksViewModel.swift; sourceTree = "<group>"; };
		D737369029928B1100821219 /* CategoriesListTableViewController.swift */ = {isa = PBXFileReference; lastKnownFileType = sourcecode.swift; path = CategoriesListTableViewController.swift; sourceTree = "<group>"; };
		D73736932992A49D00821219 /* AddCategoryViewController.swift */ = {isa = PBXFileReference; lastKnownFileType = sourcecode.swift; path = AddCategoryViewController.swift; sourceTree = "<group>"; };
		D73AFB9029B14E78007C3A36 /* TaskModelRepository.swift */ = {isa = PBXFileReference; lastKnownFileType = sourcecode.swift; path = TaskModelRepository.swift; sourceTree = "<group>"; };
		D73AFB9229B14F39007C3A36 /* TaskModelRemoteRepository.swift */ = {isa = PBXFileReference; lastKnownFileType = sourcecode.swift; path = TaskModelRemoteRepository.swift; sourceTree = "<group>"; };
		D73AFB9629B1523E007C3A36 /* TaskViewModel.swift */ = {isa = PBXFileReference; lastKnownFileType = sourcecode.swift; path = TaskViewModel.swift; sourceTree = "<group>"; };
		D73AFB9929B1542E007C3A36 /* TaskViewController.swift */ = {isa = PBXFileReference; lastKnownFileType = sourcecode.swift; path = TaskViewController.swift; sourceTree = "<group>"; };
		D749F09629B6312100AF504D /* CategoryListTableViewCell.swift */ = {isa = PBXFileReference; lastKnownFileType = sourcecode.swift; path = CategoryListTableViewCell.swift; sourceTree = "<group>"; };
		D749F09829B65A6200AF504D /* CustomLoadingView.swift */ = {isa = PBXFileReference; lastKnownFileType = sourcecode.swift; path = CustomLoadingView.swift; sourceTree = "<group>"; };
		D749F09A29B65C9400AF504D /* TaskListTableViewController+DataSources.swift */ = {isa = PBXFileReference; lastKnownFileType = sourcecode.swift; path = "TaskListTableViewController+DataSources.swift"; sourceTree = "<group>"; };
		D749F09C29B65D3100AF504D /* CategoriesListTableViewController+DataSources.swift */ = {isa = PBXFileReference; lastKnownFileType = sourcecode.swift; path = "CategoriesListTableViewController+DataSources.swift"; sourceTree = "<group>"; };
		D749F0A029B687E900AF504D /* AddTaskViewController+Functions.swift */ = {isa = PBXFileReference; lastKnownFileType = sourcecode.swift; path = "AddTaskViewController+Functions.swift"; sourceTree = "<group>"; };
		D7572EA929B26BF8001E52B4 /* AddCategoryViewModel.swift */ = {isa = PBXFileReference; lastKnownFileType = sourcecode.swift; path = AddCategoryViewModel.swift; sourceTree = "<group>"; };
		D768008B29B913A00054C73A /* TasksCalendarViewController.swift */ = {isa = PBXFileReference; lastKnownFileType = sourcecode.swift; path = TasksCalendarViewController.swift; sourceTree = "<group>"; };
		D768008D29B914FD0054C73A /* ApplicationCoordinator.swift */ = {isa = PBXFileReference; lastKnownFileType = sourcecode.swift; path = ApplicationCoordinator.swift; sourceTree = "<group>"; };
		D768009029B91A1E0054C73A /* TaskListCoordinator.swift */ = {isa = PBXFileReference; lastKnownFileType = sourcecode.swift; path = TaskListCoordinator.swift; sourceTree = "<group>"; };
		D768009329B91C280054C73A /* CategoriesListCoordinator.swift */ = {isa = PBXFileReference; lastKnownFileType = sourcecode.swift; path = CategoriesListCoordinator.swift; sourceTree = "<group>"; };
		D76BF26F29B3AD2100FA357E /* AddTaskViewModel.swift */ = {isa = PBXFileReference; lastKnownFileType = sourcecode.swift; path = AddTaskViewModel.swift; sourceTree = "<group>"; };
		D76BF27129B3BB3600FA357E /* UIView+Extensions.swift */ = {isa = PBXFileReference; lastKnownFileType = sourcecode.swift; path = "UIView+Extensions.swift"; sourceTree = "<group>"; };
		D778BA7929BA4F1F0082C432 /* OnboardingViewController.swift */ = {isa = PBXFileReference; lastKnownFileType = sourcecode.swift; path = OnboardingViewController.swift; sourceTree = "<group>"; };
		D778BA7B29BA51380082C432 /* OnboardingViewModel.swift */ = {isa = PBXFileReference; lastKnownFileType = sourcecode.swift; path = OnboardingViewModel.swift; sourceTree = "<group>"; };
		D778BA7D29BA51610082C432 /* OnboardingCoordinator.swift */ = {isa = PBXFileReference; lastKnownFileType = sourcecode.swift; path = OnboardingCoordinator.swift; sourceTree = "<group>"; };
		D780FDB929B7CD9700AC951A /* AddCategoryViewController+Functions.swift */ = {isa = PBXFileReference; lastKnownFileType = sourcecode.swift; path = "AddCategoryViewController+Functions.swift"; sourceTree = "<group>"; };
		D780FDBB29B7D89500AC951A /* HomeViewController+Functions.swift */ = {isa = PBXFileReference; lastKnownFileType = sourcecode.swift; path = "HomeViewController+Functions.swift"; sourceTree = "<group>"; };
		D78704D629AE595F0023B129 /* APIError.swift */ = {isa = PBXFileReference; lastKnownFileType = sourcecode.swift; path = APIError.swift; sourceTree = "<group>"; };
		D78704D829AE59810023B129 /* HTTPClient.swift */ = {isa = PBXFileReference; lastKnownFileType = sourcecode.swift; path = HTTPClient.swift; sourceTree = "<group>"; };
		D78704DA29AE59B50023B129 /* Request.swift */ = {isa = PBXFileReference; lastKnownFileType = sourcecode.swift; path = Request.swift; sourceTree = "<group>"; };
		D78704DC29AE59DC0023B129 /* TasksRequest.swift */ = {isa = PBXFileReference; lastKnownFileType = sourcecode.swift; path = TasksRequest.swift; sourceTree = "<group>"; };
		D78704DF29AE87CE0023B129 /* TasksModel.swift */ = {isa = PBXFileReference; lastKnownFileType = sourcecode.swift; path = TasksModel.swift; sourceTree = "<group>"; };
		D78704E329AE8ED60023B129 /* TaskModel.swift */ = {isa = PBXFileReference; lastKnownFileType = sourcecode.swift; path = TaskModel.swift; sourceTree = "<group>"; };
		D793778E29B00B3A0026CBFE /* URLSessionHTTPClientError.swift */ = {isa = PBXFileReference; lastKnownFileType = sourcecode.swift; path = URLSessionHTTPClientError.swift; sourceTree = "<group>"; };
		D793779029B00B4A0026CBFE /* URLSessionHTTPClient.swift */ = {isa = PBXFileReference; lastKnownFileType = sourcecode.swift; path = URLSessionHTTPClient.swift; sourceTree = "<group>"; };
		D793779329B0152F0026CBFE /* TasksModelRepository.swift */ = {isa = PBXFileReference; lastKnownFileType = sourcecode.swift; path = TasksModelRepository.swift; sourceTree = "<group>"; };
		D793779629B015D00026CBFE /* Environment.swift */ = {isa = PBXFileReference; lastKnownFileType = sourcecode.swift; path = Environment.swift; sourceTree = "<group>"; };
		D793779829B016090026CBFE /* TasksAPI.swift */ = {isa = PBXFileReference; lastKnownFileType = sourcecode.swift; path = TasksAPI.swift; sourceTree = "<group>"; };
		D7E2DB94298C385300FF02C2 /* UITextField+Extensions.swift */ = {isa = PBXFileReference; lastKnownFileType = sourcecode.swift; path = "UITextField+Extensions.swift"; sourceTree = "<group>"; };
		D7EFA9B629B121E30026975B /* TasksModelRemoteRepository.swift */ = {isa = PBXFileReference; lastKnownFileType = sourcecode.swift; path = TasksModelRemoteRepository.swift; sourceTree = "<group>"; };
		D7EFA9B929B125E20026975B /* APIEnvironment.swift */ = {isa = PBXFileReference; lastKnownFileType = sourcecode.swift; path = APIEnvironment.swift; sourceTree = "<group>"; };
		D7F19F362982F47D0099B2BC /* GlobalConstants.swift */ = {isa = PBXFileReference; lastKnownFileType = sourcecode.swift; path = GlobalConstants.swift; sourceTree = "<group>"; };
		D7F19F392982F8650099B2BC /* PresentationStackView.swift */ = {isa = PBXFileReference; lastKnownFileType = sourcecode.swift; path = PresentationStackView.swift; sourceTree = "<group>"; };
		D7F19F3B2982F9BC0099B2BC /* Localizable.strings */ = {isa = PBXFileReference; lastKnownFileType = text.plist.strings; path = Localizable.strings; sourceTree = "<group>"; };
		D7F19F3E2982FA5A0099B2BC /* String+Extensions.swift */ = {isa = PBXFileReference; lastKnownFileType = sourcecode.swift; path = "String+Extensions.swift"; sourceTree = "<group>"; };
		D7F19F4129831D430099B2BC /* CarrosselCollectionCell.swift */ = {isa = PBXFileReference; lastKnownFileType = sourcecode.swift; path = CarrosselCollectionCell.swift; sourceTree = "<group>"; };
		D7F19F4529831D9C0099B2BC /* CarrosselModel.swift */ = {isa = PBXFileReference; lastKnownFileType = sourcecode.swift; path = CarrosselModel.swift; sourceTree = "<group>"; };
		D7F19F4729831DDE0099B2BC /* HomeViewController+CollectionView.swift */ = {isa = PBXFileReference; lastKnownFileType = sourcecode.swift; path = "HomeViewController+CollectionView.swift"; sourceTree = "<group>"; };
		D7F3B47D29884D3600FF15C1 /* AddTaskViewController.swift */ = {isa = PBXFileReference; lastKnownFileType = sourcecode.swift; path = AddTaskViewController.swift; sourceTree = "<group>"; };
/* End PBXFileReference section */

/* Begin PBXFrameworksBuildPhase section */
		D724A6D9298047E200FC38F4 /* Frameworks */ = {
			isa = PBXFrameworksBuildPhase;
			buildActionMask = 2147483647;
			files = (
				54F7EBFFA80D034DEEEFD7ED /* Pods_OrganiizeMe.framework in Frameworks */,
			);
			runOnlyForDeploymentPostprocessing = 0;
		};
		D724A6EF298047E500FC38F4 /* Frameworks */ = {
			isa = PBXFrameworksBuildPhase;
			buildActionMask = 2147483647;
			files = (
			);
			runOnlyForDeploymentPostprocessing = 0;
		};
		D724A6F9298047E500FC38F4 /* Frameworks */ = {
			isa = PBXFrameworksBuildPhase;
			buildActionMask = 2147483647;
			files = (
			);
			runOnlyForDeploymentPostprocessing = 0;
		};
/* End PBXFrameworksBuildPhase section */

/* Begin PBXGroup section */
		D71FEB4429B2134A00389D1D /* Observable */ = {
			isa = PBXGroup;
			children = (
				D71FEB4529B2136200389D1D /* ObservableObject.swift */,
			);
			path = Observable;
			sourceTree = "<group>";
		};
		D71FEB5129B23EBB00389D1D /* Category */ = {
			isa = PBXGroup;
			children = (
				D71FEB6829B24B0600389D1D /* Repository */,
				D71FEB6529B24AE100389D1D /* ViewModel */,
				D71FEB6229B249EE00389D1D /* View */,
				D71FEB5229B23EC500389D1D /* Model */,
			);
			path = Category;
			sourceTree = "<group>";
		};
		D71FEB5229B23EC500389D1D /* Model */ = {
			isa = PBXGroup;
			children = (
				D71FEB5329B23ED200389D1D /* CategoryModel.swift */,
			);
			path = Model;
			sourceTree = "<group>";
		};
		D71FEB5529B23F2E00389D1D /* Model */ = {
			isa = PBXGroup;
			children = (
				D71FEB5629B23F3E00389D1D /* CategoriesModel.swift */,
			);
			path = Model;
			sourceTree = "<group>";
		};
		D71FEB5829B2432700389D1D /* Repository */ = {
			isa = PBXGroup;
			children = (
				D71FEB5929B2433C00389D1D /* CategoriesModelRepository.swift */,
				D71FEB5B29B2438C00389D1D /* CategoriesModelRemoteRepository.swift */,
			);
			path = Repository;
			sourceTree = "<group>";
		};
		D71FEB5F29B244FF00389D1D /* ViewModel */ = {
			isa = PBXGroup;
			children = (
				D71FEB6029B2450C00389D1D /* CategoriesViewModel.swift */,
			);
			path = ViewModel;
			sourceTree = "<group>";
		};
		D71FEB6229B249EE00389D1D /* View */ = {
			isa = PBXGroup;
			children = (
				D71FEB6329B249FF00389D1D /* CategoryViewController.swift */,
			);
			path = View;
			sourceTree = "<group>";
		};
		D71FEB6529B24AE100389D1D /* ViewModel */ = {
			isa = PBXGroup;
			children = (
				D71FEB6629B24AEE00389D1D /* CategoryViewModel.swift */,
			);
			path = ViewModel;
			sourceTree = "<group>";
		};
		D71FEB6829B24B0600389D1D /* Repository */ = {
			isa = PBXGroup;
			children = (
				D71FEB6929B24B1800389D1D /* CategoryModelRepository.swift */,
				D71FEB6B29B24B5D00389D1D /* CategoryModelRemoteRepository.swift */,
			);
			path = Repository;
			sourceTree = "<group>";
		};
		D724A6D3298047E200FC38F4 = {
			isa = PBXGroup;
			children = (
				D724A6DE298047E200FC38F4 /* OrganiizeMe */,
				D724A6F5298047E500FC38F4 /* OrganiizeMeTests */,
				D724A6FF298047E500FC38F4 /* OrganiizeMeUITests */,
				D724A6DD298047E200FC38F4 /* Products */,
				FBBC6E752DF9BE6879F17DE2 /* Pods */,
				E4680F1929CD1E6DEE57A7CE /* Frameworks */,
			);
			sourceTree = "<group>";
		};
		D724A6DD298047E200FC38F4 /* Products */ = {
			isa = PBXGroup;
			children = (
				D724A6DC298047E200FC38F4 /* OrganiizeMe.app */,
				D724A6F2298047E500FC38F4 /* OrganiizeMeTests.xctest */,
				D724A6FC298047E500FC38F4 /* OrganiizeMeUITests.xctest */,
			);
			name = Products;
			sourceTree = "<group>";
		};
		D724A6DE298047E200FC38F4 /* OrganiizeMe */ = {
			isa = PBXGroup;
			children = (
				D778BA7529BA4EEB0082C432 /* Onboarding */,
				D768008A29B9138E0054C73A /* TasksCalendar */,
				D724A6ED298047E400FC38F4 /* Info.plist */,
				D724A6EA298047E400FC38F4 /* LaunchScreen.storyboard */,
				D73736952992A4E600821219 /* AddCategory */,
				D7F3B47C29884D2000FF15C1 /* AddTask */,
				D737368E29928ADD00821219 /* CategoriesList */,
				D71FEB5129B23EBB00389D1D /* Category */,
				D724A71129804B7000FC38F4 /* Coordinators */,
				D724A71029804A1400FC38F4 /* Home */,
				D78704D229AE592A0023B129 /* Networking */,
				D724A70F29804A0500FC38F4 /* Resources */,
				D73AFB9429B1520F007C3A36 /* Task */,
				D724A71E29805E8B00FC38F4 /* TasksList */,
			);
			path = OrganiizeMe;
			sourceTree = "<group>";
		};
		D724A6F5298047E500FC38F4 /* OrganiizeMeTests */ = {
			isa = PBXGroup;
			children = (
				D724A6F6298047E500FC38F4 /* OrganiizeMeTests.swift */,
			);
			path = OrganiizeMeTests;
			sourceTree = "<group>";
		};
		D724A6FF298047E500FC38F4 /* OrganiizeMeUITests */ = {
			isa = PBXGroup;
			children = (
				D724A700298047E500FC38F4 /* OrganiizeMeUITests.swift */,
				D724A702298047E500FC38F4 /* OrganiizeMeUITestsLaunchTests.swift */,
			);
			path = OrganiizeMeUITests;
			sourceTree = "<group>";
		};
		D724A70F29804A0500FC38F4 /* Resources */ = {
			isa = PBXGroup;
			children = (
				D7F19F3B2982F9BC0099B2BC /* Localizable.strings */,
				D724A6DF298047E200FC38F4 /* AppDelegate.swift */,
				D7F19F362982F47D0099B2BC /* GlobalConstants.swift */,
				D724A6E1298047E200FC38F4 /* SceneDelegate.swift */,
				D724A6E8298047E400FC38F4 /* Assets.xcassets */,
				D72B0B34298974F800414E93 /* CustomViews */,
				D7F19F3D2982FA3E0099B2BC /* Extensions */,
				D71FEB4429B2134A00389D1D /* Observable */,
			);
			path = Resources;
			sourceTree = "<group>";
		};
		D724A71029804A1400FC38F4 /* Home */ = {
			isa = PBXGroup;
			children = (
				D7F19F382982F8530099B2BC /* SubViews */,
				D724A719298051FC00FC38F4 /* Coordinator */,
				D724A718298051F400FC38F4 /* View */,
			);
			path = Home;
			sourceTree = "<group>";
		};
		D724A71129804B7000FC38F4 /* Coordinators */ = {
			isa = PBXGroup;
			children = (
				D724A71229804B8300FC38F4 /* Coordinator.swift */,
				D724A71A2980553200FC38F4 /* MainCoordinator.swift */,
				D768008D29B914FD0054C73A /* ApplicationCoordinator.swift */,
			);
			path = Coordinators;
			sourceTree = "<group>";
		};
		D724A718298051F400FC38F4 /* View */ = {
			isa = PBXGroup;
			children = (
				D724A6E3298047E200FC38F4 /* HomeViewController.swift */,
				D7F19F4729831DDE0099B2BC /* HomeViewController+CollectionView.swift */,
				D780FDBB29B7D89500AC951A /* HomeViewController+Functions.swift */,
			);
			path = View;
			sourceTree = "<group>";
		};
		D724A719298051FC00FC38F4 /* Coordinator */ = {
			isa = PBXGroup;
			children = (
				D724A71C29805CB700FC38F4 /* HomeCoordinator.swift */,
			);
			path = Coordinator;
			sourceTree = "<group>";
		};
		D724A71E29805E8B00FC38F4 /* TasksList */ = {
			isa = PBXGroup;
			children = (
				D768008F29B91A120054C73A /* Coordinator */,
				D78704DE29AE87C20023B129 /* Model */,
				D793779229B015130026CBFE /* Repository */,
				D78704E529AE91C10023B129 /* Subviews */,
				D724A71F29805EA100FC38F4 /* View */,
				D72F8F5A29AED1C3000D3DB4 /* ViewModel */,
			);
			path = TasksList;
			sourceTree = "<group>";
		};
		D724A71F29805EA100FC38F4 /* View */ = {
			isa = PBXGroup;
			children = (
				D724A72029805EB200FC38F4 /* TasksListTableViewController.swift */,
				D749F09A29B65C9400AF504D /* TaskListTableViewController+DataSources.swift */,
			);
			path = View;
			sourceTree = "<group>";
		};
		D72B0B34298974F800414E93 /* CustomViews */ = {
			isa = PBXGroup;
			children = (
				D72B0B352989755C00414E93 /* FloatingTextField.swift */,
				D749F09829B65A6200AF504D /* CustomLoadingView.swift */,
			);
			path = CustomViews;
			sourceTree = "<group>";
		};
		D72F8F5A29AED1C3000D3DB4 /* ViewModel */ = {
			isa = PBXGroup;
			children = (
				D72F8F5B29AED1DF000D3DB4 /* TasksViewModel.swift */,
			);
			path = ViewModel;
			sourceTree = "<group>";
		};
		D737368E29928ADD00821219 /* CategoriesList */ = {
			isa = PBXGroup;
			children = (
				D768009229B91C1A0054C73A /* Coordinator */,
				D71FEB5F29B244FF00389D1D /* ViewModel */,
				D71FEB5829B2432700389D1D /* Repository */,
				D71FEB5529B23F2E00389D1D /* Model */,
				D73736922992A47600821219 /* SubViews */,
				D737368F29928AF600821219 /* View */,
			);
			path = CategoriesList;
			sourceTree = "<group>";
		};
		D737368F29928AF600821219 /* View */ = {
			isa = PBXGroup;
			children = (
				D737369029928B1100821219 /* CategoriesListTableViewController.swift */,
				D749F09C29B65D3100AF504D /* CategoriesListTableViewController+DataSources.swift */,
			);
			path = View;
			sourceTree = "<group>";
		};
		D73736922992A47600821219 /* SubViews */ = {
			isa = PBXGroup;
			children = (
				D749F09629B6312100AF504D /* CategoryListTableViewCell.swift */,
			);
			path = SubViews;
			sourceTree = "<group>";
		};
		D73736952992A4E600821219 /* AddCategory */ = {
			isa = PBXGroup;
			children = (
				D7572EA829B26BEA001E52B4 /* ViewModel */,
				D73736962992A4FF00821219 /* View */,
			);
			path = AddCategory;
			sourceTree = "<group>";
		};
		D73736962992A4FF00821219 /* View */ = {
			isa = PBXGroup;
			children = (
				D73736932992A49D00821219 /* AddCategoryViewController.swift */,
				D780FDB929B7CD9700AC951A /* AddCategoryViewController+Functions.swift */,
			);
			path = View;
			sourceTree = "<group>";
		};
		D73AFB8F29B14E68007C3A36 /* Repository */ = {
			isa = PBXGroup;
			children = (
				D73AFB9029B14E78007C3A36 /* TaskModelRepository.swift */,
				D73AFB9229B14F39007C3A36 /* TaskModelRemoteRepository.swift */,
			);
			path = Repository;
			sourceTree = "<group>";
		};
		D73AFB9429B1520F007C3A36 /* Task */ = {
			isa = PBXGroup;
			children = (
				D73AFB9829B15419007C3A36 /* View */,
				D73AFB9529B15233007C3A36 /* ViewModel */,
				D73AFB8F29B14E68007C3A36 /* Repository */,
				D78704E229AE8EC20023B129 /* Model */,
			);
			path = Task;
			sourceTree = "<group>";
		};
		D73AFB9529B15233007C3A36 /* ViewModel */ = {
			isa = PBXGroup;
			children = (
				D73AFB9629B1523E007C3A36 /* TaskViewModel.swift */,
			);
			path = ViewModel;
			sourceTree = "<group>";
		};
		D73AFB9829B15419007C3A36 /* View */ = {
			isa = PBXGroup;
			children = (
				D73AFB9929B1542E007C3A36 /* TaskViewController.swift */,
			);
			path = View;
			sourceTree = "<group>";
		};
		D7572EA829B26BEA001E52B4 /* ViewModel */ = {
			isa = PBXGroup;
			children = (
				D7572EA929B26BF8001E52B4 /* AddCategoryViewModel.swift */,
			);
			path = ViewModel;
			sourceTree = "<group>";
		};
		D768008A29B9138E0054C73A /* TasksCalendar */ = {
			isa = PBXGroup;
			children = (
				D768008B29B913A00054C73A /* TasksCalendarViewController.swift */,
			);
			path = TasksCalendar;
			sourceTree = "<group>";
		};
		D768008F29B91A120054C73A /* Coordinator */ = {
			isa = PBXGroup;
			children = (
				D768009029B91A1E0054C73A /* TaskListCoordinator.swift */,
			);
			path = Coordinator;
			sourceTree = "<group>";
		};
		D768009229B91C1A0054C73A /* Coordinator */ = {
			isa = PBXGroup;
			children = (
				D768009329B91C280054C73A /* CategoriesListCoordinator.swift */,
			);
			path = Coordinator;
			sourceTree = "<group>";
		};
		D76BF26E29B3AD1100FA357E /* ViewModel */ = {
			isa = PBXGroup;
			children = (
				D76BF26F29B3AD2100FA357E /* AddTaskViewModel.swift */,
			);
			path = ViewModel;
			sourceTree = "<group>";
		};
		D778BA7529BA4EEB0082C432 /* Onboarding */ = {
			isa = PBXGroup;
			children = (
				D778BA7829BA4EFD0082C432 /* Coordinator */,
				D778BA7729BA4EF60082C432 /* ViewModel */,
				D778BA7629BA4EF20082C432 /* View */,
			);
			path = Onboarding;
			sourceTree = "<group>";
		};
		D778BA7629BA4EF20082C432 /* View */ = {
			isa = PBXGroup;
			children = (
				D778BA7929BA4F1F0082C432 /* OnboardingViewController.swift */,
			);
			path = View;
			sourceTree = "<group>";
		};
		D778BA7729BA4EF60082C432 /* ViewModel */ = {
			isa = PBXGroup;
			children = (
				D778BA7B29BA51380082C432 /* OnboardingViewModel.swift */,
			);
			path = ViewModel;
			sourceTree = "<group>";
		};
		D778BA7829BA4EFD0082C432 /* Coordinator */ = {
			isa = PBXGroup;
			children = (
				D778BA7D29BA51610082C432 /* OnboardingCoordinator.swift */,
			);
			path = Coordinator;
			sourceTree = "<group>";
		};
		D78704D229AE592A0023B129 /* Networking */ = {
			isa = PBXGroup;
			children = (
				D7EFA9B529B120120026975B /* URLSessionHTTPClient */,
				D793779529B015A80026CBFE /* HTTPClient */,
				D78704D529AE594F0023B129 /* Resources */,
				D78704D329AE59380023B129 /* Request */,
			);
			path = Networking;
			sourceTree = "<group>";
		};
		D78704D329AE59380023B129 /* Request */ = {
			isa = PBXGroup;
			children = (
				D78704DA29AE59B50023B129 /* Request.swift */,
				D78704DC29AE59DC0023B129 /* TasksRequest.swift */,
			);
			path = Request;
			sourceTree = "<group>";
		};
		D78704D529AE594F0023B129 /* Resources */ = {
			isa = PBXGroup;
			children = (
				D78704D629AE595F0023B129 /* APIError.swift */,
				D793779629B015D00026CBFE /* Environment.swift */,
				D793779829B016090026CBFE /* TasksAPI.swift */,
				D7EFA9B929B125E20026975B /* APIEnvironment.swift */,
				D71FEB5D29B243D200389D1D /* CategoriesAPI.swift */,
			);
			path = Resources;
			sourceTree = "<group>";
		};
		D78704DE29AE87C20023B129 /* Model */ = {
			isa = PBXGroup;
			children = (
				D78704DF29AE87CE0023B129 /* TasksModel.swift */,
			);
			path = Model;
			sourceTree = "<group>";
		};
		D78704E229AE8EC20023B129 /* Model */ = {
			isa = PBXGroup;
			children = (
				D78704E329AE8ED60023B129 /* TaskModel.swift */,
			);
			path = Model;
			sourceTree = "<group>";
		};
		D78704E529AE91C10023B129 /* Subviews */ = {
			isa = PBXGroup;
			children = (
				D7150AB229B3C47D00E5997E /* TaskListTableViewCell.swift */,
			);
			path = Subviews;
			sourceTree = "<group>";
		};
		D793779229B015130026CBFE /* Repository */ = {
			isa = PBXGroup;
			children = (
				D793779329B0152F0026CBFE /* TasksModelRepository.swift */,
				D7EFA9B629B121E30026975B /* TasksModelRemoteRepository.swift */,
			);
			path = Repository;
			sourceTree = "<group>";
		};
		D793779529B015A80026CBFE /* HTTPClient */ = {
			isa = PBXGroup;
			children = (
				D78704D829AE59810023B129 /* HTTPClient.swift */,
			);
			path = HTTPClient;
			sourceTree = "<group>";
		};
		D7B7FA012989BEA4006EC7D8 /* View */ = {
			isa = PBXGroup;
			children = (
				D7F3B47D29884D3600FF15C1 /* AddTaskViewController.swift */,
				D749F0A029B687E900AF504D /* AddTaskViewController+Functions.swift */,
			);
			path = View;
			sourceTree = "<group>";
		};
		D7EFA9B529B120120026975B /* URLSessionHTTPClient */ = {
			isa = PBXGroup;
			children = (
				D793778E29B00B3A0026CBFE /* URLSessionHTTPClientError.swift */,
				D793779029B00B4A0026CBFE /* URLSessionHTTPClient.swift */,
			);
			path = URLSessionHTTPClient;
			sourceTree = "<group>";
		};
		D7F19F382982F8530099B2BC /* SubViews */ = {
			isa = PBXGroup;
			children = (
				D7F19F4029831D2F0099B2BC /* Carrossel */,
				D7F19F392982F8650099B2BC /* PresentationStackView.swift */,
			);
			path = SubViews;
			sourceTree = "<group>";
		};
		D7F19F3D2982FA3E0099B2BC /* Extensions */ = {
			isa = PBXGroup;
			children = (
				D7F19F3E2982FA5A0099B2BC /* String+Extensions.swift */,
				D7E2DB94298C385300FF02C2 /* UITextField+Extensions.swift */,
				D76BF27129B3BB3600FA357E /* UIView+Extensions.swift */,
			);
			path = Extensions;
			sourceTree = "<group>";
		};
		D7F19F4029831D2F0099B2BC /* Carrossel */ = {
			isa = PBXGroup;
			children = (
				D7F19F4429831D870099B2BC /* Model */,
				D7F19F4329831D800099B2BC /* View */,
			);
			path = Carrossel;
			sourceTree = "<group>";
		};
		D7F19F4329831D800099B2BC /* View */ = {
			isa = PBXGroup;
			children = (
				D7F19F4129831D430099B2BC /* CarrosselCollectionCell.swift */,
			);
			path = View;
			sourceTree = "<group>";
		};
		D7F19F4429831D870099B2BC /* Model */ = {
			isa = PBXGroup;
			children = (
				D7F19F4529831D9C0099B2BC /* CarrosselModel.swift */,
			);
			path = Model;
			sourceTree = "<group>";
		};
		D7F3B47C29884D2000FF15C1 /* AddTask */ = {
			isa = PBXGroup;
			children = (
				D76BF26E29B3AD1100FA357E /* ViewModel */,
				D7B7FA012989BEA4006EC7D8 /* View */,
			);
			path = AddTask;
			sourceTree = "<group>";
		};
		E4680F1929CD1E6DEE57A7CE /* Frameworks */ = {
			isa = PBXGroup;
			children = (
				B64952020DED96706236C9DB /* Pods_OrganiizeMe.framework */,
			);
			name = Frameworks;
			sourceTree = "<group>";
		};
		FBBC6E752DF9BE6879F17DE2 /* Pods */ = {
			isa = PBXGroup;
			children = (
				080737D5E13C9BBCEF07829F /* Pods-OrganiizeMe.debug.xcconfig */,
				26DF0E37C78EEC202C2028FB /* Pods-OrganiizeMe.release.xcconfig */,
			);
			path = Pods;
			sourceTree = "<group>";
		};
/* End PBXGroup section */

/* Begin PBXNativeTarget section */
		D724A6DB298047E200FC38F4 /* OrganiizeMe */ = {
			isa = PBXNativeTarget;
			buildConfigurationList = D724A706298047E500FC38F4 /* Build configuration list for PBXNativeTarget "OrganiizeMe" */;
			buildPhases = (
				80A7EE1EBC7A8D88558D162E /* [CP] Check Pods Manifest.lock */,
				D724A6D8298047E200FC38F4 /* Sources */,
				D724A6D9298047E200FC38F4 /* Frameworks */,
				D724A6DA298047E200FC38F4 /* Resources */,
				650FC84F4DF97D773C19D34F /* [CP] Embed Pods Frameworks */,
			);
			buildRules = (
			);
			dependencies = (
			);
			name = OrganiizeMe;
			productName = OrganiizeMe;
			productReference = D724A6DC298047E200FC38F4 /* OrganiizeMe.app */;
			productType = "com.apple.product-type.application";
		};
		D724A6F1298047E500FC38F4 /* OrganiizeMeTests */ = {
			isa = PBXNativeTarget;
			buildConfigurationList = D724A709298047E500FC38F4 /* Build configuration list for PBXNativeTarget "OrganiizeMeTests" */;
			buildPhases = (
				D724A6EE298047E500FC38F4 /* Sources */,
				D724A6EF298047E500FC38F4 /* Frameworks */,
				D724A6F0298047E500FC38F4 /* Resources */,
			);
			buildRules = (
			);
			dependencies = (
				D724A6F4298047E500FC38F4 /* PBXTargetDependency */,
			);
			name = OrganiizeMeTests;
			productName = OrganiizeMeTests;
			productReference = D724A6F2298047E500FC38F4 /* OrganiizeMeTests.xctest */;
			productType = "com.apple.product-type.bundle.unit-test";
		};
		D724A6FB298047E500FC38F4 /* OrganiizeMeUITests */ = {
			isa = PBXNativeTarget;
			buildConfigurationList = D724A70C298047E500FC38F4 /* Build configuration list for PBXNativeTarget "OrganiizeMeUITests" */;
			buildPhases = (
				D724A6F8298047E500FC38F4 /* Sources */,
				D724A6F9298047E500FC38F4 /* Frameworks */,
				D724A6FA298047E500FC38F4 /* Resources */,
			);
			buildRules = (
			);
			dependencies = (
				D724A6FE298047E500FC38F4 /* PBXTargetDependency */,
			);
			name = OrganiizeMeUITests;
			productName = OrganiizeMeUITests;
			productReference = D724A6FC298047E500FC38F4 /* OrganiizeMeUITests.xctest */;
			productType = "com.apple.product-type.bundle.ui-testing";
		};
/* End PBXNativeTarget section */

/* Begin PBXProject section */
		D724A6D4298047E200FC38F4 /* Project object */ = {
			isa = PBXProject;
			attributes = {
				BuildIndependentTargetsInParallel = 1;
				LastSwiftUpdateCheck = 1410;
				LastUpgradeCheck = 1410;
				TargetAttributes = {
					D724A6DB298047E200FC38F4 = {
						CreatedOnToolsVersion = 14.1;
					};
					D724A6F1298047E500FC38F4 = {
						CreatedOnToolsVersion = 14.1;
						TestTargetID = D724A6DB298047E200FC38F4;
					};
					D724A6FB298047E500FC38F4 = {
						CreatedOnToolsVersion = 14.1;
						TestTargetID = D724A6DB298047E200FC38F4;
					};
				};
			};
			buildConfigurationList = D724A6D7298047E200FC38F4 /* Build configuration list for PBXProject "OrganiizeMe" */;
			compatibilityVersion = "Xcode 14.0";
			developmentRegion = en;
			hasScannedForEncodings = 0;
			knownRegions = (
				en,
				Base,
			);
			mainGroup = D724A6D3298047E200FC38F4;
			productRefGroup = D724A6DD298047E200FC38F4 /* Products */;
			projectDirPath = "";
			projectRoot = "";
			targets = (
				D724A6DB298047E200FC38F4 /* OrganiizeMe */,
				D724A6F1298047E500FC38F4 /* OrganiizeMeTests */,
				D724A6FB298047E500FC38F4 /* OrganiizeMeUITests */,
			);
		};
/* End PBXProject section */

/* Begin PBXResourcesBuildPhase section */
		D724A6DA298047E200FC38F4 /* Resources */ = {
			isa = PBXResourcesBuildPhase;
			buildActionMask = 2147483647;
			files = (
				D724A6EC298047E400FC38F4 /* LaunchScreen.storyboard in Resources */,
				D7F19F3C2982F9BC0099B2BC /* Localizable.strings in Resources */,
				D724A6E9298047E400FC38F4 /* Assets.xcassets in Resources */,
			);
			runOnlyForDeploymentPostprocessing = 0;
		};
		D724A6F0298047E500FC38F4 /* Resources */ = {
			isa = PBXResourcesBuildPhase;
			buildActionMask = 2147483647;
			files = (
			);
			runOnlyForDeploymentPostprocessing = 0;
		};
		D724A6FA298047E500FC38F4 /* Resources */ = {
			isa = PBXResourcesBuildPhase;
			buildActionMask = 2147483647;
			files = (
			);
			runOnlyForDeploymentPostprocessing = 0;
		};
/* End PBXResourcesBuildPhase section */

/* Begin PBXShellScriptBuildPhase section */
		650FC84F4DF97D773C19D34F /* [CP] Embed Pods Frameworks */ = {
			isa = PBXShellScriptBuildPhase;
			buildActionMask = 2147483647;
			files = (
			);
			inputFileListPaths = (
				"${PODS_ROOT}/Target Support Files/Pods-OrganiizeMe/Pods-OrganiizeMe-frameworks-${CONFIGURATION}-input-files.xcfilelist",
			);
			name = "[CP] Embed Pods Frameworks";
			outputFileListPaths = (
				"${PODS_ROOT}/Target Support Files/Pods-OrganiizeMe/Pods-OrganiizeMe-frameworks-${CONFIGURATION}-output-files.xcfilelist",
			);
			runOnlyForDeploymentPostprocessing = 0;
			shellPath = /bin/sh;
			shellScript = "\"${PODS_ROOT}/Target Support Files/Pods-OrganiizeMe/Pods-OrganiizeMe-frameworks.sh\"\n";
			showEnvVarsInLog = 0;
		};
		80A7EE1EBC7A8D88558D162E /* [CP] Check Pods Manifest.lock */ = {
			isa = PBXShellScriptBuildPhase;
			buildActionMask = 2147483647;
			files = (
			);
			inputFileListPaths = (
			);
			inputPaths = (
				"${PODS_PODFILE_DIR_PATH}/Podfile.lock",
				"${PODS_ROOT}/Manifest.lock",
			);
			name = "[CP] Check Pods Manifest.lock";
			outputFileListPaths = (
			);
			outputPaths = (
				"$(DERIVED_FILE_DIR)/Pods-OrganiizeMe-checkManifestLockResult.txt",
			);
			runOnlyForDeploymentPostprocessing = 0;
			shellPath = /bin/sh;
			shellScript = "diff \"${PODS_PODFILE_DIR_PATH}/Podfile.lock\" \"${PODS_ROOT}/Manifest.lock\" > /dev/null\nif [ $? != 0 ] ; then\n    # print error to STDERR\n    echo \"error: The sandbox is not in sync with the Podfile.lock. Run 'pod install' or update your CocoaPods installation.\" >&2\n    exit 1\nfi\n# This output is used by Xcode 'outputs' to avoid re-running this script phase.\necho \"SUCCESS\" > \"${SCRIPT_OUTPUT_FILE_0}\"\n";
			showEnvVarsInLog = 0;
		};
/* End PBXShellScriptBuildPhase section */

/* Begin PBXSourcesBuildPhase section */
		D724A6D8298047E200FC38F4 /* Sources */ = {
			isa = PBXSourcesBuildPhase;
			buildActionMask = 2147483647;
			files = (
				D73AFB9329B14F39007C3A36 /* TaskModelRemoteRepository.swift in Sources */,
				D7EFA9BA29B125E20026975B /* APIEnvironment.swift in Sources */,
				D7150AB329B3C47D00E5997E /* TaskListTableViewCell.swift in Sources */,
				D778BA7C29BA51380082C432 /* OnboardingViewModel.swift in Sources */,
				D793779729B015D00026CBFE /* Environment.swift in Sources */,
				D71FEB5A29B2433C00389D1D /* CategoriesModelRepository.swift in Sources */,
				D78704DB29AE59B50023B129 /* Request.swift in Sources */,
				D780FDBC29B7D89500AC951A /* HomeViewController+Functions.swift in Sources */,
				D71FEB4629B2136200389D1D /* ObservableObject.swift in Sources */,
				D7F19F4829831DDF0099B2BC /* HomeViewController+CollectionView.swift in Sources */,
				D768008C29B913A00054C73A /* TasksCalendarViewController.swift in Sources */,
				D749F09D29B65D3100AF504D /* CategoriesListTableViewController+DataSources.swift in Sources */,
				D793778F29B00B3A0026CBFE /* URLSessionHTTPClientError.swift in Sources */,
				D76BF27229B3BB3600FA357E /* UIView+Extensions.swift in Sources */,
				D724A71329804B8300FC38F4 /* Coordinator.swift in Sources */,
				D78704DD29AE59DC0023B129 /* TasksRequest.swift in Sources */,
				D749F09929B65A6200AF504D /* CustomLoadingView.swift in Sources */,
				D7F19F372982F47D0099B2BC /* GlobalConstants.swift in Sources */,
				D73AFB9A29B1542E007C3A36 /* TaskViewController.swift in Sources */,
				D73AFB9729B1523E007C3A36 /* TaskViewModel.swift in Sources */,
				D724A72129805EB200FC38F4 /* TasksListTableViewController.swift in Sources */,
				D73736942992A49D00821219 /* AddCategoryViewController.swift in Sources */,
				D768009429B91C280054C73A /* CategoriesListCoordinator.swift in Sources */,
				D71FEB5E29B243D200389D1D /* CategoriesAPI.swift in Sources */,
				D71FEB5429B23ED200389D1D /* CategoryModel.swift in Sources */,
				D71FEB6A29B24B1800389D1D /* CategoryModelRepository.swift in Sources */,
				D778BA7A29BA4F1F0082C432 /* OnboardingViewController.swift in Sources */,
				D73AFB9129B14E78007C3A36 /* TaskModelRepository.swift in Sources */,
				D71FEB6C29B24B5D00389D1D /* CategoryModelRemoteRepository.swift in Sources */,
				D778BA7E29BA51610082C432 /* OnboardingCoordinator.swift in Sources */,
				D72F8F5C29AED1DF000D3DB4 /* TasksViewModel.swift in Sources */,
				D793779129B00B4A0026CBFE /* URLSessionHTTPClient.swift in Sources */,
				D7572EAA29B26BF8001E52B4 /* AddCategoryViewModel.swift in Sources */,
				D724A71B2980553200FC38F4 /* MainCoordinator.swift in Sources */,
				D78704E029AE87CE0023B129 /* TasksModel.swift in Sources */,
				D793779429B0152F0026CBFE /* TasksModelRepository.swift in Sources */,
				D724A6E4298047E200FC38F4 /* HomeViewController.swift in Sources */,
				D768008E29B914FD0054C73A /* ApplicationCoordinator.swift in Sources */,
				D737369129928B1100821219 /* CategoriesListTableViewController.swift in Sources */,
				D749F09B29B65C9400AF504D /* TaskListTableViewController+DataSources.swift in Sources */,
				D749F09729B6312100AF504D /* CategoryListTableViewCell.swift in Sources */,
				D7EFA9B729B121E40026975B /* TasksModelRemoteRepository.swift in Sources */,
				D71FEB6729B24AEE00389D1D /* CategoryViewModel.swift in Sources */,
				D749F0A129B687E900AF504D /* AddTaskViewController+Functions.swift in Sources */,
				D71FEB6129B2450C00389D1D /* CategoriesViewModel.swift in Sources */,
				D7F19F4229831D430099B2BC /* CarrosselCollectionCell.swift in Sources */,
				D7F19F3F2982FA5A0099B2BC /* String+Extensions.swift in Sources */,
				D724A6E0298047E200FC38F4 /* AppDelegate.swift in Sources */,
				D724A6E2298047E200FC38F4 /* SceneDelegate.swift in Sources */,
				D793779929B016090026CBFE /* TasksAPI.swift in Sources */,
				D7E2DB95298C385300FF02C2 /* UITextField+Extensions.swift in Sources */,
				D7F19F4629831D9C0099B2BC /* CarrosselModel.swift in Sources */,
				D724A71D29805CB700FC38F4 /* HomeCoordinator.swift in Sources */,
				D76BF27029B3AD2100FA357E /* AddTaskViewModel.swift in Sources */,
				D7F3B47E29884D3600FF15C1 /* AddTaskViewController.swift in Sources */,
				D7F19F3A2982F8650099B2BC /* PresentationStackView.swift in Sources */,
				D78704D929AE59810023B129 /* HTTPClient.swift in Sources */,
				D71FEB5C29B2438C00389D1D /* CategoriesModelRemoteRepository.swift in Sources */,
				D72B0B362989755C00414E93 /* FloatingTextField.swift in Sources */,
				D71FEB6429B249FF00389D1D /* CategoryViewController.swift in Sources */,
				D71FEB5729B23F3E00389D1D /* CategoriesModel.swift in Sources */,
				D780FDBA29B7CD9700AC951A /* AddCategoryViewController+Functions.swift in Sources */,
				D78704E429AE8ED60023B129 /* TaskModel.swift in Sources */,
				D78704D729AE595F0023B129 /* APIError.swift in Sources */,
				D768009129B91A1E0054C73A /* TaskListCoordinator.swift in Sources */,
			);
			runOnlyForDeploymentPostprocessing = 0;
		};
		D724A6EE298047E500FC38F4 /* Sources */ = {
			isa = PBXSourcesBuildPhase;
			buildActionMask = 2147483647;
			files = (
				D724A6F7298047E500FC38F4 /* OrganiizeMeTests.swift in Sources */,
			);
			runOnlyForDeploymentPostprocessing = 0;
		};
		D724A6F8298047E500FC38F4 /* Sources */ = {
			isa = PBXSourcesBuildPhase;
			buildActionMask = 2147483647;
			files = (
				D724A701298047E500FC38F4 /* OrganiizeMeUITests.swift in Sources */,
				D724A703298047E500FC38F4 /* OrganiizeMeUITestsLaunchTests.swift in Sources */,
			);
			runOnlyForDeploymentPostprocessing = 0;
		};
/* End PBXSourcesBuildPhase section */

/* Begin PBXTargetDependency section */
		D724A6F4298047E500FC38F4 /* PBXTargetDependency */ = {
			isa = PBXTargetDependency;
			target = D724A6DB298047E200FC38F4 /* OrganiizeMe */;
			targetProxy = D724A6F3298047E500FC38F4 /* PBXContainerItemProxy */;
		};
		D724A6FE298047E500FC38F4 /* PBXTargetDependency */ = {
			isa = PBXTargetDependency;
			target = D724A6DB298047E200FC38F4 /* OrganiizeMe */;
			targetProxy = D724A6FD298047E500FC38F4 /* PBXContainerItemProxy */;
		};
/* End PBXTargetDependency section */

/* Begin PBXVariantGroup section */
		D724A6EA298047E400FC38F4 /* LaunchScreen.storyboard */ = {
			isa = PBXVariantGroup;
			children = (
				D724A6EB298047E400FC38F4 /* Base */,
			);
			name = LaunchScreen.storyboard;
			sourceTree = "<group>";
		};
/* End PBXVariantGroup section */

/* Begin XCBuildConfiguration section */
		D724A704298047E500FC38F4 /* Debug */ = {
			isa = XCBuildConfiguration;
			buildSettings = {
				ALWAYS_SEARCH_USER_PATHS = NO;
				CLANG_ANALYZER_NONNULL = YES;
				CLANG_ANALYZER_NUMBER_OBJECT_CONVERSION = YES_AGGRESSIVE;
				CLANG_CXX_LANGUAGE_STANDARD = "gnu++20";
				CLANG_ENABLE_MODULES = YES;
				CLANG_ENABLE_OBJC_ARC = YES;
				CLANG_ENABLE_OBJC_WEAK = YES;
				CLANG_WARN_BLOCK_CAPTURE_AUTORELEASING = YES;
				CLANG_WARN_BOOL_CONVERSION = YES;
				CLANG_WARN_COMMA = YES;
				CLANG_WARN_CONSTANT_CONVERSION = YES;
				CLANG_WARN_DEPRECATED_OBJC_IMPLEMENTATIONS = YES;
				CLANG_WARN_DIRECT_OBJC_ISA_USAGE = YES_ERROR;
				CLANG_WARN_DOCUMENTATION_COMMENTS = YES;
				CLANG_WARN_EMPTY_BODY = YES;
				CLANG_WARN_ENUM_CONVERSION = YES;
				CLANG_WARN_INFINITE_RECURSION = YES;
				CLANG_WARN_INT_CONVERSION = YES;
				CLANG_WARN_NON_LITERAL_NULL_CONVERSION = YES;
				CLANG_WARN_OBJC_IMPLICIT_RETAIN_SELF = YES;
				CLANG_WARN_OBJC_LITERAL_CONVERSION = YES;
				CLANG_WARN_OBJC_ROOT_CLASS = YES_ERROR;
				CLANG_WARN_QUOTED_INCLUDE_IN_FRAMEWORK_HEADER = YES;
				CLANG_WARN_RANGE_LOOP_ANALYSIS = YES;
				CLANG_WARN_STRICT_PROTOTYPES = YES;
				CLANG_WARN_SUSPICIOUS_MOVE = YES;
				CLANG_WARN_UNGUARDED_AVAILABILITY = YES_AGGRESSIVE;
				CLANG_WARN_UNREACHABLE_CODE = YES;
				CLANG_WARN__DUPLICATE_METHOD_MATCH = YES;
				COPY_PHASE_STRIP = NO;
				DEBUG_INFORMATION_FORMAT = dwarf;
				ENABLE_STRICT_OBJC_MSGSEND = YES;
				ENABLE_TESTABILITY = YES;
				GCC_C_LANGUAGE_STANDARD = gnu11;
				GCC_DYNAMIC_NO_PIC = NO;
				GCC_NO_COMMON_BLOCKS = YES;
				GCC_OPTIMIZATION_LEVEL = 0;
				GCC_PREPROCESSOR_DEFINITIONS = (
					"DEBUG=1",
					"$(inherited)",
				);
				GCC_WARN_64_TO_32_BIT_CONVERSION = YES;
				GCC_WARN_ABOUT_RETURN_TYPE = YES_ERROR;
				GCC_WARN_UNDECLARED_SELECTOR = YES;
				GCC_WARN_UNINITIALIZED_AUTOS = YES_AGGRESSIVE;
				GCC_WARN_UNUSED_FUNCTION = YES;
				GCC_WARN_UNUSED_VARIABLE = YES;
				IPHONEOS_DEPLOYMENT_TARGET = 13.0;
				MTL_ENABLE_DEBUG_INFO = INCLUDE_SOURCE;
				MTL_FAST_MATH = YES;
				ONLY_ACTIVE_ARCH = YES;
				SDKROOT = iphoneos;
				SWIFT_ACTIVE_COMPILATION_CONDITIONS = DEBUG;
				SWIFT_OPTIMIZATION_LEVEL = "-Onone";
			};
			name = Debug;
		};
		D724A705298047E500FC38F4 /* Release */ = {
			isa = XCBuildConfiguration;
			buildSettings = {
				ALWAYS_SEARCH_USER_PATHS = NO;
				CLANG_ANALYZER_NONNULL = YES;
				CLANG_ANALYZER_NUMBER_OBJECT_CONVERSION = YES_AGGRESSIVE;
				CLANG_CXX_LANGUAGE_STANDARD = "gnu++20";
				CLANG_ENABLE_MODULES = YES;
				CLANG_ENABLE_OBJC_ARC = YES;
				CLANG_ENABLE_OBJC_WEAK = YES;
				CLANG_WARN_BLOCK_CAPTURE_AUTORELEASING = YES;
				CLANG_WARN_BOOL_CONVERSION = YES;
				CLANG_WARN_COMMA = YES;
				CLANG_WARN_CONSTANT_CONVERSION = YES;
				CLANG_WARN_DEPRECATED_OBJC_IMPLEMENTATIONS = YES;
				CLANG_WARN_DIRECT_OBJC_ISA_USAGE = YES_ERROR;
				CLANG_WARN_DOCUMENTATION_COMMENTS = YES;
				CLANG_WARN_EMPTY_BODY = YES;
				CLANG_WARN_ENUM_CONVERSION = YES;
				CLANG_WARN_INFINITE_RECURSION = YES;
				CLANG_WARN_INT_CONVERSION = YES;
				CLANG_WARN_NON_LITERAL_NULL_CONVERSION = YES;
				CLANG_WARN_OBJC_IMPLICIT_RETAIN_SELF = YES;
				CLANG_WARN_OBJC_LITERAL_CONVERSION = YES;
				CLANG_WARN_OBJC_ROOT_CLASS = YES_ERROR;
				CLANG_WARN_QUOTED_INCLUDE_IN_FRAMEWORK_HEADER = YES;
				CLANG_WARN_RANGE_LOOP_ANALYSIS = YES;
				CLANG_WARN_STRICT_PROTOTYPES = YES;
				CLANG_WARN_SUSPICIOUS_MOVE = YES;
				CLANG_WARN_UNGUARDED_AVAILABILITY = YES_AGGRESSIVE;
				CLANG_WARN_UNREACHABLE_CODE = YES;
				CLANG_WARN__DUPLICATE_METHOD_MATCH = YES;
				COPY_PHASE_STRIP = NO;
				DEBUG_INFORMATION_FORMAT = "dwarf-with-dsym";
				ENABLE_NS_ASSERTIONS = NO;
				ENABLE_STRICT_OBJC_MSGSEND = YES;
				GCC_C_LANGUAGE_STANDARD = gnu11;
				GCC_NO_COMMON_BLOCKS = YES;
				GCC_WARN_64_TO_32_BIT_CONVERSION = YES;
				GCC_WARN_ABOUT_RETURN_TYPE = YES_ERROR;
				GCC_WARN_UNDECLARED_SELECTOR = YES;
				GCC_WARN_UNINITIALIZED_AUTOS = YES_AGGRESSIVE;
				GCC_WARN_UNUSED_FUNCTION = YES;
				GCC_WARN_UNUSED_VARIABLE = YES;
				IPHONEOS_DEPLOYMENT_TARGET = 13.0;
				MTL_ENABLE_DEBUG_INFO = NO;
				MTL_FAST_MATH = YES;
				SDKROOT = iphoneos;
				SWIFT_COMPILATION_MODE = wholemodule;
				SWIFT_OPTIMIZATION_LEVEL = "-O";
				VALIDATE_PRODUCT = YES;
			};
			name = Release;
		};
		D724A707298047E500FC38F4 /* Debug */ = {
			isa = XCBuildConfiguration;
			baseConfigurationReference = 080737D5E13C9BBCEF07829F /* Pods-OrganiizeMe.debug.xcconfig */;
			buildSettings = {
				ASSETCATALOG_COMPILER_APPICON_NAME = AppIcon;
				ASSETCATALOG_COMPILER_GLOBAL_ACCENT_COLOR_NAME = AccentColor;
				CODE_SIGN_STYLE = Automatic;
				CURRENT_PROJECT_VERSION = 1;
				DEVELOPMENT_TEAM = 3PUBAYQC78;
				GENERATE_INFOPLIST_FILE = YES;
				INFOPLIST_FILE = OrganiizeMe/Info.plist;
				INFOPLIST_KEY_UIApplicationSupportsIndirectInputEvents = YES;
				INFOPLIST_KEY_UILaunchStoryboardName = LaunchScreen;
				INFOPLIST_KEY_UISupportedInterfaceOrientations = UIInterfaceOrientationPortrait;
				INFOPLIST_KEY_UISupportedInterfaceOrientations_iPad = "UIInterfaceOrientationLandscapeLeft UIInterfaceOrientationLandscapeRight UIInterfaceOrientationPortrait UIInterfaceOrientationPortraitUpsideDown";
				IPHONEOS_DEPLOYMENT_TARGET = 13.0;
				LD_RUNPATH_SEARCH_PATHS = (
					"$(inherited)",
					"@executable_path/Frameworks",
				);
				MARKETING_VERSION = 1.0;
				PRODUCT_BUNDLE_IDENTIFIER = ferreirabianca.OrganiizeMe;
				PRODUCT_NAME = "$(TARGET_NAME)";
				SUPPORTED_PLATFORMS = "iphoneos iphonesimulator";
				SUPPORTS_MACCATALYST = NO;
				SUPPORTS_MAC_DESIGNED_FOR_IPHONE_IPAD = NO;
				SWIFT_EMIT_LOC_STRINGS = YES;
				SWIFT_VERSION = 5.0;
				TARGETED_DEVICE_FAMILY = 1;
			};
			name = Debug;
		};
		D724A708298047E500FC38F4 /* Release */ = {
			isa = XCBuildConfiguration;
			baseConfigurationReference = 26DF0E37C78EEC202C2028FB /* Pods-OrganiizeMe.release.xcconfig */;
			buildSettings = {
				ASSETCATALOG_COMPILER_APPICON_NAME = AppIcon;
				ASSETCATALOG_COMPILER_GLOBAL_ACCENT_COLOR_NAME = AccentColor;
				CODE_SIGN_STYLE = Automatic;
				CURRENT_PROJECT_VERSION = 1;
				DEVELOPMENT_TEAM = 3PUBAYQC78;
				GENERATE_INFOPLIST_FILE = YES;
				INFOPLIST_FILE = OrganiizeMe/Info.plist;
				INFOPLIST_KEY_UIApplicationSupportsIndirectInputEvents = YES;
				INFOPLIST_KEY_UILaunchStoryboardName = LaunchScreen;
				INFOPLIST_KEY_UISupportedInterfaceOrientations = UIInterfaceOrientationPortrait;
				INFOPLIST_KEY_UISupportedInterfaceOrientations_iPad = "UIInterfaceOrientationLandscapeLeft UIInterfaceOrientationLandscapeRight UIInterfaceOrientationPortrait UIInterfaceOrientationPortraitUpsideDown";
				IPHONEOS_DEPLOYMENT_TARGET = 13.0;
				LD_RUNPATH_SEARCH_PATHS = (
					"$(inherited)",
					"@executable_path/Frameworks",
				);
				MARKETING_VERSION = 1.0;
				PRODUCT_BUNDLE_IDENTIFIER = ferreirabianca.OrganiizeMe;
				PRODUCT_NAME = "$(TARGET_NAME)";
				SUPPORTED_PLATFORMS = "iphoneos iphonesimulator";
				SUPPORTS_MACCATALYST = NO;
				SUPPORTS_MAC_DESIGNED_FOR_IPHONE_IPAD = NO;
				SWIFT_EMIT_LOC_STRINGS = YES;
				SWIFT_VERSION = 5.0;
				TARGETED_DEVICE_FAMILY = 1;
			};
			name = Release;
		};
		D724A70A298047E500FC38F4 /* Debug */ = {
			isa = XCBuildConfiguration;
			buildSettings = {
				ALWAYS_EMBED_SWIFT_STANDARD_LIBRARIES = YES;
				BUNDLE_LOADER = "$(TEST_HOST)";
				CODE_SIGN_STYLE = Automatic;
				CURRENT_PROJECT_VERSION = 1;
				DEVELOPMENT_TEAM = 3PUBAYQC78;
				GENERATE_INFOPLIST_FILE = YES;
				IPHONEOS_DEPLOYMENT_TARGET = 16.1;
				MARKETING_VERSION = 1.0;
				PRODUCT_BUNDLE_IDENTIFIER = ferreirabianca.OrganiizeMeTests;
				PRODUCT_NAME = "$(TARGET_NAME)";
				SWIFT_EMIT_LOC_STRINGS = NO;
				SWIFT_VERSION = 5.0;
				TARGETED_DEVICE_FAMILY = "1,2";
				TEST_HOST = "$(BUILT_PRODUCTS_DIR)/OrganiizeMe.app/$(BUNDLE_EXECUTABLE_FOLDER_PATH)/OrganiizeMe";
			};
			name = Debug;
		};
		D724A70B298047E500FC38F4 /* Release */ = {
			isa = XCBuildConfiguration;
			buildSettings = {
				ALWAYS_EMBED_SWIFT_STANDARD_LIBRARIES = YES;
				BUNDLE_LOADER = "$(TEST_HOST)";
				CODE_SIGN_STYLE = Automatic;
				CURRENT_PROJECT_VERSION = 1;
				DEVELOPMENT_TEAM = 3PUBAYQC78;
				GENERATE_INFOPLIST_FILE = YES;
				IPHONEOS_DEPLOYMENT_TARGET = 16.1;
				MARKETING_VERSION = 1.0;
				PRODUCT_BUNDLE_IDENTIFIER = ferreirabianca.OrganiizeMeTests;
				PRODUCT_NAME = "$(TARGET_NAME)";
				SWIFT_EMIT_LOC_STRINGS = NO;
				SWIFT_VERSION = 5.0;
				TARGETED_DEVICE_FAMILY = "1,2";
				TEST_HOST = "$(BUILT_PRODUCTS_DIR)/OrganiizeMe.app/$(BUNDLE_EXECUTABLE_FOLDER_PATH)/OrganiizeMe";
			};
			name = Release;
		};
		D724A70D298047E500FC38F4 /* Debug */ = {
			isa = XCBuildConfiguration;
			buildSettings = {
				ALWAYS_EMBED_SWIFT_STANDARD_LIBRARIES = YES;
				CODE_SIGN_STYLE = Automatic;
				CURRENT_PROJECT_VERSION = 1;
				DEVELOPMENT_TEAM = 3PUBAYQC78;
				GENERATE_INFOPLIST_FILE = YES;
				MARKETING_VERSION = 1.0;
				PRODUCT_BUNDLE_IDENTIFIER = ferreirabianca.OrganiizeMeUITests;
				PRODUCT_NAME = "$(TARGET_NAME)";
				SWIFT_EMIT_LOC_STRINGS = NO;
				SWIFT_VERSION = 5.0;
				TARGETED_DEVICE_FAMILY = "1,2";
				TEST_TARGET_NAME = OrganiizeMe;
			};
			name = Debug;
		};
		D724A70E298047E500FC38F4 /* Release */ = {
			isa = XCBuildConfiguration;
			buildSettings = {
				ALWAYS_EMBED_SWIFT_STANDARD_LIBRARIES = YES;
				CODE_SIGN_STYLE = Automatic;
				CURRENT_PROJECT_VERSION = 1;
				DEVELOPMENT_TEAM = 3PUBAYQC78;
				GENERATE_INFOPLIST_FILE = YES;
				MARKETING_VERSION = 1.0;
				PRODUCT_BUNDLE_IDENTIFIER = ferreirabianca.OrganiizeMeUITests;
				PRODUCT_NAME = "$(TARGET_NAME)";
				SWIFT_EMIT_LOC_STRINGS = NO;
				SWIFT_VERSION = 5.0;
				TARGETED_DEVICE_FAMILY = "1,2";
				TEST_TARGET_NAME = OrganiizeMe;
			};
			name = Release;
		};
/* End XCBuildConfiguration section */

/* Begin XCConfigurationList section */
		D724A6D7298047E200FC38F4 /* Build configuration list for PBXProject "OrganiizeMe" */ = {
			isa = XCConfigurationList;
			buildConfigurations = (
				D724A704298047E500FC38F4 /* Debug */,
				D724A705298047E500FC38F4 /* Release */,
			);
			defaultConfigurationIsVisible = 0;
			defaultConfigurationName = Release;
		};
		D724A706298047E500FC38F4 /* Build configuration list for PBXNativeTarget "OrganiizeMe" */ = {
			isa = XCConfigurationList;
			buildConfigurations = (
				D724A707298047E500FC38F4 /* Debug */,
				D724A708298047E500FC38F4 /* Release */,
			);
			defaultConfigurationIsVisible = 0;
			defaultConfigurationName = Release;
		};
		D724A709298047E500FC38F4 /* Build configuration list for PBXNativeTarget "OrganiizeMeTests" */ = {
			isa = XCConfigurationList;
			buildConfigurations = (
				D724A70A298047E500FC38F4 /* Debug */,
				D724A70B298047E500FC38F4 /* Release */,
			);
			defaultConfigurationIsVisible = 0;
			defaultConfigurationName = Release;
		};
		D724A70C298047E500FC38F4 /* Build configuration list for PBXNativeTarget "OrganiizeMeUITests" */ = {
			isa = XCConfigurationList;
			buildConfigurations = (
				D724A70D298047E500FC38F4 /* Debug */,
				D724A70E298047E500FC38F4 /* Release */,
			);
			defaultConfigurationIsVisible = 0;
			defaultConfigurationName = Release;
		};
/* End XCConfigurationList section */
	};
	rootObject = D724A6D4298047E200FC38F4 /* Project object */;
}
